
Microsoft Visual Studio Solution File, Format Version 12.00
# Visual Studio 15
VisualStudioVersion = 15.0.28307.645
MinimumVisualStudioVersion = 10.0.40219.1
Project("{8BC9CEB8-8B4A-11D0-8D11-00A0C91BC942}") = "IISModuleJS", "IISModuleJS\IISModuleJS.vcxproj", "{C306FCB8-BF64-4528-B072-D4CC278D7A41}"
EndProject
Project("{8BC9CEB8-8B4A-11D0-8D11-00A0C91BC942}") = "IISModuleJS Tests", "IISModuleJS Tests\IISModuleJS Tests.vcxproj", "{12E615DA-3D32-41FB-A329-C379FA2C44C7}"
EndProject
Global
	GlobalSection(SolutionConfigurationPlatforms) = preSolution
		Debug|x64 = Debug|x64
		Debug|x86 = Debug|x86
		Release|x64 = Release|x64
		Release|x86 = Release|x86
	EndGlobalSection
	GlobalSection(ProjectConfigurationPlatforms) = postSolution
		{C306FCB8-BF64-4528-B072-D4CC278D7A41}.Debug|x64.ActiveCfg = Debug|x64
		{C306FCB8-BF64-4528-B072-D4CC278D7A41}.Debug|x64.Build.0 = Debug|x64
		{C306FCB8-BF64-4528-B072-D4CC278D7A41}.Debug|x86.ActiveCfg = Debug|Win32
		{C306FCB8-BF64-4528-B072-D4CC278D7A41}.Debug|x86.Build.0 = Debug|Win32
		{C306FCB8-BF64-4528-B072-D4CC278D7A41}.Release|x64.ActiveCfg = Release|x64
		{C306FCB8-BF64-4528-B072-D4CC278D7A41}.Release|x64.Build.0 = Release|x64
		{C306FCB8-BF64-4528-B072-D4CC278D7A41}.Release|x86.ActiveCfg = Release|Win32
		{C306FCB8-BF64-4528-B072-D4CC278D7A41}.Release|x86.Build.0 = Release|Win32
		{12E615DA-3D32-41FB-A329-C379FA2C44C7}.Debug|x64.ActiveCfg = Debug|x64
		{12E615DA-3D32-41FB-A329-C379FA2C44C7}.Debug|x64.Build.0 = Debug|x64
		{12E615DA-3D32-41FB-A329-C379FA2C44C7}.Debug|x86.ActiveCfg = Debug|Win32
		{12E615DA-3D32-41FB-A329-C379FA2C44C7}.Debug|x86.Build.0 = Debug|Win32
		{12E615DA-3D32-41FB-A329-C379FA2C44C7}.Release|x64.ActiveCfg = Release|x64
		{12E615DA-3D32-41FB-A329-C379FA2C44C7}.Release|x64.Build.0 = Release|x64
		{12E615DA-3D32-41FB-A329-C379FA2C44C7}.Release|x86.ActiveCfg = Release|Win32
		{12E615DA-3D32-41FB-A329-C379FA2C44C7}.Release|x86.Build.0 = Release|Win32
	EndGlobalSection
	GlobalSection(SolutionProperties) = preSolution
		HideSolutionNode = FALSE
	EndGlobalSection
	GlobalSection(ExtensibilityGlobals) = postSolution
		SolutionGuid = {ABCCA671-DA40-4DB2-AA78-205D8B17F77F}
	EndGlobalSection
EndGlobal
