<?xml version="1.0" encoding="utf-8"?>
<Project ToolsVersion="4.0" xmlns="http://schemas.microsoft.com/developer/msbuild/2003">
  <ItemGroup>
    <Filter Include="Source Files">
      <UniqueIdentifier>{4FC737F1-C7A5-4376-A066-2A32D752A2FF}</UniqueIdentifier>
      <Extensions>cpp;c;cc;cxx;def;odl;idl;hpj;bat;asm;asmx</Extensions>
    </Filter>
    <Filter Include="Header Files">
      <UniqueIdentifier>{93995380-89BD-4b04-88EB-625FBE52EBFB}</UniqueIdentifier>
      <Extensions>h;hh;hpp;hxx;hm;inl;inc;ipp;xsd</Extensions>
    </Filter>
    <Filter Include="Resource Files">
      <UniqueIdentifier>{67DA6AB6-F800-4c08-8B7A-83BB121AAD01}</UniqueIdentifier>
      <Extensions>rc;ico;cur;bmp;dlg;rc2;rct;bin;rgs;gif;jpg;jpeg;jpe;resx;tiff;tif;png;wav;mfcribbon-ms</Extensions>
    </Filter>
  </ItemGroup>
  <ItemGroup>
    <ClCompile Include="main.cpp">
      <Filter>Source Files</Filter>
    </ClCompile>
    <ClCompile Include="http_module.cpp">
      <Filter>Source Files</Filter>
    </ClCompile>
    <ClCompile Include="v8_wrapper.cpp">
      <Filter>Source Files</Filter>
    </ClCompile>
    <ClCompile Include="curlpp\cURLpp.cpp">
      <Filter>Source Files</Filter>
    </ClCompile>
    <ClCompile Include="curlpp\Easy.cpp">
      <Filter>Source Files</Filter>
    </ClCompile>
    <ClCompile Include="curlpp\Exception.cpp">
      <Filter>Source Files</Filter>
    </ClCompile>
    <ClCompile Include="curlpp\Form.cpp">
      <Filter>Source Files</Filter>
    </ClCompile>
    <ClCompile Include="curlpp\Info.cpp">
      <Filter>Source Files</Filter>
    </ClCompile>
    <ClCompile Include="curlpp\internal\CurlHandle.cpp">
      <Filter>Source Files</Filter>
    </ClCompile>
    <ClCompile Include="curlpp\internal\OptionList.cpp">
      <Filter>Source Files</Filter>
    </ClCompile>
    <ClCompile Include="curlpp\internal\OptionSetter.cpp">
      <Filter>Source Files</Filter>
    </ClCompile>
    <ClCompile Include="curlpp\internal\SList.cpp">
      <Filter>Source Files</Filter>
    </ClCompile>
    <ClCompile Include="curlpp\Multi.cpp">
      <Filter>Source Files</Filter>
    </ClCompile>
    <ClCompile Include="curlpp\OptionBase.cpp">
      <Filter>Source Files</Filter>
    </ClCompile>
    <ClCompile Include="curlpp\Options.cpp">
      <Filter>Source Files</Filter>
    </ClCompile>
  </ItemGroup>
  <ItemGroup>
    <ClInclude Include="http_module.h">
      <Filter>Header Files</Filter>
    </ClInclude>
    <ClInclude Include="module_factory.h">
      <Filter>Header Files</Filter>
    </ClInclude>
    <ClInclude Include="v8_wrapper.h">
      <Filter>Header Files</Filter>
    </ClInclude>
    <ClInclude Include="curlpp\cURLpp.hpp">
      <Filter>Header Files</Filter>
    </ClInclude>
    <ClInclude Include="curlpp\Easy.hpp">
      <Filter>Header Files</Filter>
    </ClInclude>
    <ClInclude Include="curlpp\Exception.hpp">
      <Filter>Header Files</Filter>
    </ClInclude>
    <ClInclude Include="curlpp\Form.hpp">
      <Filter>Header Files</Filter>
    </ClInclude>
    <ClInclude Include="curlpp\Info.hpp">
      <Filter>Header Files</Filter>
    </ClInclude>
    <ClInclude Include="curlpp\Infos.hpp">
      <Filter>Header Files</Filter>
    </ClInclude>
    <ClInclude Include="curlpp\internal\CurlHandle.hpp">
      <Filter>Header Files</Filter>
    </ClInclude>
    <ClInclude Include="curlpp\internal\OptionContainer.hpp">
      <Filter>Header Files</Filter>
    </ClInclude>
    <ClInclude Include="curlpp\internal\OptionContainerType.hpp">
      <Filter>Header Files</Filter>
    </ClInclude>
    <ClInclude Include="curlpp\internal\OptionList.hpp">
      <Filter>Header Files</Filter>
    </ClInclude>
    <ClInclude Include="curlpp\internal\OptionSetter.hpp">
      <Filter>Header Files</Filter>
    </ClInclude>
    <ClInclude Include="curlpp\internal\SList.hpp">
      <Filter>Header Files</Filter>
    </ClInclude>
    <ClInclude Include="curlpp\Multi.hpp">
      <Filter>Header Files</Filter>
    </ClInclude>
    <ClInclude Include="curlpp\Option.hpp">
      <Filter>Header Files</Filter>
    </ClInclude>
    <ClInclude Include="curlpp\OptionBase.hpp">
      <Filter>Header Files</Filter>
    </ClInclude>
    <ClInclude Include="curlpp\Options.hpp">
      <Filter>Header Files</Filter>
    </ClInclude>
    <ClInclude Include="curlpp\Types.hpp">
      <Filter>Header Files</Filter>
    </ClInclude>
  </ItemGroup>
  <ItemGroup>
    <None Include="curlpp\Easy.inl">
      <Filter>Header Files</Filter>
    </None>
    <None Include="curlpp\Info.inl">
      <Filter>Header Files</Filter>
    </None>
    <None Include="curlpp\internal\CurlHandle.inl">
      <Filter>Header Files</Filter>
    </None>
    <None Include="curlpp\internal\OptionContainer.inl">
      <Filter>Header Files</Filter>
    </None>
    <None Include="curlpp\internal\OptionSetter.inl">
      <Filter>Header Files</Filter>
    </None>
    <None Include="curlpp\Option.inl">
      <Filter>Header Files</Filter>
    </None>
  </ItemGroup>
</Project>